// !$*UTF8*$!
{
	archiveVersion = 1;
	classes = {
	};
	objectVersion = 50;
	objects = {

/* Begin PBXBuildFile section */
		C81F1CBF25F3BE0D00616370 /* ErrorView.swift in Sources */ = {isa = PBXBuildFile; fileRef = C81F1CBE25F3BE0D00616370 /* ErrorView.swift */; };
		C838B0C425EA800200A68BD0 /* MoSTestApp.swift in Sources */ = {isa = PBXBuildFile; fileRef = C838B0C325EA800200A68BD0 /* MoSTestApp.swift */; };
		C838B0C625EA800200A68BD0 /* HomeView.swift in Sources */ = {isa = PBXBuildFile; fileRef = C838B0C525EA800200A68BD0 /* HomeView.swift */; };
		C838B0C825EA800300A68BD0 /* Assets.xcassets in Resources */ = {isa = PBXBuildFile; fileRef = C838B0C725EA800300A68BD0 /* Assets.xcassets */; };
		C838B0CB25EA800300A68BD0 /* Preview Assets.xcassets in Resources */ = {isa = PBXBuildFile; fileRef = C838B0CA25EA800300A68BD0 /* Preview Assets.xcassets */; };
		C838B0DA25EA85D900A68BD0 /* IMDBResponse.swift in Sources */ = {isa = PBXBuildFile; fileRef = C838B0D925EA85D900A68BD0 /* IMDBResponse.swift */; };
		C838B0DE25EA8B8100A68BD0 /* MovieListManager.swift in Sources */ = {isa = PBXBuildFile; fileRef = C838B0DD25EA8B8100A68BD0 /* MovieListManager.swift */; };
		C838B0E525EAAE3100A68BD0 /* MovieListRowView.swift in Sources */ = {isa = PBXBuildFile; fileRef = C838B0E425EAAE3100A68BD0 /* MovieListRowView.swift */; };
		C838B0F125EAC81000A68BD0 /* URLImageView.swift in Sources */ = {isa = PBXBuildFile; fileRef = C838B0F025EAC81000A68BD0 /* URLImageView.swift */; };
		C838B0F425EAC8D400A68BD0 /* URLImageManager.swift in Sources */ = {isa = PBXBuildFile; fileRef = C838B0F325EAC8D400A68BD0 /* URLImageManager.swift */; };
		C838B0F725EAF8D300A68BD0 /* DetailView.swift in Sources */ = {isa = PBXBuildFile; fileRef = C838B0F625EAF8D300A68BD0 /* DetailView.swift */; };
		C838FF6025F0E6D400CD9818 /* MoSTestTests.swift in Sources */ = {isa = PBXBuildFile; fileRef = C838FF5F25F0E6D400CD9818 /* MoSTestTests.swift */; };
		C88F445F25EFF671008FB627 /* MovieListView.swift in Sources */ = {isa = PBXBuildFile; fileRef = C88F445E25EFF671008FB627 /* MovieListView.swift */; };
		C88F446325F0016F008FB627 /* EmptyMovieListView.swift in Sources */ = {isa = PBXBuildFile; fileRef = C88F446225F0016F008FB627 /* EmptyMovieListView.swift */; };
		C899D76B25F071C300EDCC55 /* ShowViewExtension.swift in Sources */ = {isa = PBXBuildFile; fileRef = C899D76A25F071C300EDCC55 /* ShowViewExtension.swift */; };
		C899D76F25F079D600EDCC55 /* DetailViewBody.swift in Sources */ = {isa = PBXBuildFile; fileRef = C899D76E25F079D600EDCC55 /* DetailViewBody.swift */; };
/* End PBXBuildFile section */

/* Begin PBXContainerItemProxy section */
		C838FF6225F0E6D400CD9818 /* PBXContainerItemProxy */ = {
			isa = PBXContainerItemProxy;
			containerPortal = C838B0B825EA800200A68BD0 /* Project object */;
			proxyType = 1;
			remoteGlobalIDString = C838B0BF25EA800200A68BD0;
			remoteInfo = MoSTest;
		};
/* End PBXContainerItemProxy section */

/* Begin PBXFileReference section */
		C81F1CBE25F3BE0D00616370 /* ErrorView.swift */ = {isa = PBXFileReference; lastKnownFileType = sourcecode.swift; path = ErrorView.swift; sourceTree = "<group>"; };
		C838B0C025EA800200A68BD0 /* MoSTest.app */ = {isa = PBXFileReference; explicitFileType = wrapper.application; includeInIndex = 0; path = MoSTest.app; sourceTree = BUILT_PRODUCTS_DIR; };
		C838B0C325EA800200A68BD0 /* MoSTestApp.swift */ = {isa = PBXFileReference; lastKnownFileType = sourcecode.swift; path = MoSTestApp.swift; sourceTree = "<group>"; };
		C838B0C525EA800200A68BD0 /* HomeView.swift */ = {isa = PBXFileReference; lastKnownFileType = sourcecode.swift; path = HomeView.swift; sourceTree = "<group>"; };
		C838B0C725EA800300A68BD0 /* Assets.xcassets */ = {isa = PBXFileReference; lastKnownFileType = folder.assetcatalog; path = Assets.xcassets; sourceTree = "<group>"; };
		C838B0CA25EA800300A68BD0 /* Preview Assets.xcassets */ = {isa = PBXFileReference; lastKnownFileType = folder.assetcatalog; path = "Preview Assets.xcassets"; sourceTree = "<group>"; };
		C838B0CC25EA800300A68BD0 /* Info.plist */ = {isa = PBXFileReference; lastKnownFileType = text.plist.xml; path = Info.plist; sourceTree = "<group>"; };
		C838B0D925EA85D900A68BD0 /* IMDBResponse.swift */ = {isa = PBXFileReference; lastKnownFileType = sourcecode.swift; path = IMDBResponse.swift; sourceTree = "<group>"; };
		C838B0DD25EA8B8100A68BD0 /* MovieListManager.swift */ = {isa = PBXFileReference; lastKnownFileType = sourcecode.swift; path = MovieListManager.swift; sourceTree = "<group>"; };
		C838B0E425EAAE3100A68BD0 /* MovieListRowView.swift */ = {isa = PBXFileReference; lastKnownFileType = sourcecode.swift; path = MovieListRowView.swift; sourceTree = "<group>"; };
		C838B0F025EAC81000A68BD0 /* URLImageView.swift */ = {isa = PBXFileReference; lastKnownFileType = sourcecode.swift; path = URLImageView.swift; sourceTree = "<group>"; };
		C838B0F325EAC8D400A68BD0 /* URLImageManager.swift */ = {isa = PBXFileReference; lastKnownFileType = sourcecode.swift; path = URLImageManager.swift; sourceTree = "<group>"; };
		C838B0F625EAF8D300A68BD0 /* DetailView.swift */ = {isa = PBXFileReference; lastKnownFileType = sourcecode.swift; path = DetailView.swift; sourceTree = "<group>"; };
		C838FF5D25F0E6D400CD9818 /* MoSTestTests.xctest */ = {isa = PBXFileReference; explicitFileType = wrapper.cfbundle; includeInIndex = 0; path = MoSTestTests.xctest; sourceTree = BUILT_PRODUCTS_DIR; };
		C838FF5F25F0E6D400CD9818 /* MoSTestTests.swift */ = {isa = PBXFileReference; lastKnownFileType = sourcecode.swift; path = MoSTestTests.swift; sourceTree = "<group>"; };
		C838FF6125F0E6D400CD9818 /* Info.plist */ = {isa = PBXFileReference; lastKnownFileType = text.plist.xml; path = Info.plist; sourceTree = "<group>"; };
		C88F445E25EFF671008FB627 /* MovieListView.swift */ = {isa = PBXFileReference; lastKnownFileType = sourcecode.swift; path = MovieListView.swift; sourceTree = "<group>"; };
		C88F446225F0016F008FB627 /* EmptyMovieListView.swift */ = {isa = PBXFileReference; lastKnownFileType = sourcecode.swift; path = EmptyMovieListView.swift; sourceTree = "<group>"; };
		C899D76A25F071C300EDCC55 /* ShowViewExtension.swift */ = {isa = PBXFileReference; lastKnownFileType = sourcecode.swift; path = ShowViewExtension.swift; sourceTree = "<group>"; };
		C899D76E25F079D600EDCC55 /* DetailViewBody.swift */ = {isa = PBXFileReference; lastKnownFileType = sourcecode.swift; path = DetailViewBody.swift; sourceTree = "<group>"; };
/* End PBXFileReference section */

/* Begin PBXFrameworksBuildPhase section */
		C838B0BD25EA800200A68BD0 /* Frameworks */ = {
			isa = PBXFrameworksBuildPhase;
			buildActionMask = 2147483647;
			files = (
			);
			runOnlyForDeploymentPostprocessing = 0;
		};
		C838FF5A25F0E6D400CD9818 /* Frameworks */ = {
			isa = PBXFrameworksBuildPhase;
			buildActionMask = 2147483647;
			files = (
			);
			runOnlyForDeploymentPostprocessing = 0;
		};
/* End PBXFrameworksBuildPhase section */

/* Begin PBXGroup section */
		C838B0B725EA800200A68BD0 = {
			isa = PBXGroup;
			children = (
				C838B0C225EA800200A68BD0 /* MoSTest */,
				C838FF5E25F0E6D400CD9818 /* MoSTestTests */,
				C838B0C125EA800200A68BD0 /* Products */,
			);
			sourceTree = "<group>";
		};
		C838B0C125EA800200A68BD0 /* Products */ = {
			isa = PBXGroup;
			children = (
				C838B0C025EA800200A68BD0 /* MoSTest.app */,
				C838FF5D25F0E6D400CD9818 /* MoSTestTests.xctest */,
			);
			name = Products;
			sourceTree = "<group>";
		};
		C838B0C225EA800200A68BD0 /* MoSTest */ = {
			isa = PBXGroup;
			children = (
				C838B0D625EA815D00A68BD0 /* ViewModels */,
				C838B0D525EA815700A68BD0 /* Views */,
				C838B0D425EA815100A68BD0 /* Models */,
				C838B0C325EA800200A68BD0 /* MoSTestApp.swift */,
				C838B0C725EA800300A68BD0 /* Assets.xcassets */,
				C838B0CC25EA800300A68BD0 /* Info.plist */,
				C838B0C925EA800300A68BD0 /* Preview Content */,
			);
			path = MoSTest;
			sourceTree = "<group>";
		};
		C838B0C925EA800300A68BD0 /* Preview Content */ = {
			isa = PBXGroup;
			children = (
				C838B0CA25EA800300A68BD0 /* Preview Assets.xcassets */,
			);
			path = "Preview Content";
			sourceTree = "<group>";
		};
		C838B0D425EA815100A68BD0 /* Models */ = {
			isa = PBXGroup;
			children = (
				C838B0D925EA85D900A68BD0 /* IMDBResponse.swift */,
			);
			path = Models;
			sourceTree = "<group>";
		};
		C838B0D525EA815700A68BD0 /* Views */ = {
			isa = PBXGroup;
			children = (
				C899D76925F071A200EDCC55 /* Util */,
				C899D76725F06E3E00EDCC55 /* DetailViews */,
				C899D76625F06E1600EDCC55 /* HomeViews */,
			);
			path = Views;
			sourceTree = "<group>";
		};
		C838B0D625EA815D00A68BD0 /* ViewModels */ = {
			isa = PBXGroup;
			children = (
				C838B0DD25EA8B8100A68BD0 /* MovieListManager.swift */,
				C838B0F325EAC8D400A68BD0 /* URLImageManager.swift */,
			);
			path = ViewModels;
			sourceTree = "<group>";
		};
		C838FF5E25F0E6D400CD9818 /* MoSTestTests */ = {
			isa = PBXGroup;
			children = (
				C838FF5F25F0E6D400CD9818 /* MoSTestTests.swift */,
				C838FF6125F0E6D400CD9818 /* Info.plist */,
			);
			path = MoSTestTests;
			sourceTree = "<group>";
		};
		C899D76625F06E1600EDCC55 /* HomeViews */ = {
			isa = PBXGroup;
			children = (
				C838B0C525EA800200A68BD0 /* HomeView.swift */,
				C88F445E25EFF671008FB627 /* MovieListView.swift */,
				C838B0E425EAAE3100A68BD0 /* MovieListRowView.swift */,
				C88F446225F0016F008FB627 /* EmptyMovieListView.swift */,
				C81F1CBE25F3BE0D00616370 /* ErrorView.swift */,
			);
			path = HomeViews;
			sourceTree = "<group>";
		};
		C899D76725F06E3E00EDCC55 /* DetailViews */ = {
			isa = PBXGroup;
			children = (
				C838B0F625EAF8D300A68BD0 /* DetailView.swift */,
				C899D76E25F079D600EDCC55 /* DetailViewBody.swift */,
			);
			path = DetailViews;
			sourceTree = "<group>";
		};
		C899D76925F071A200EDCC55 /* Util */ = {
			isa = PBXGroup;
			children = (
				C899D76A25F071C300EDCC55 /* ShowViewExtension.swift */,
				C838B0F025EAC81000A68BD0 /* URLImageView.swift */,
			);
			path = Util;
			sourceTree = "<group>";
		};
/* End PBXGroup section */

/* Begin PBXNativeTarget section */
		C838B0BF25EA800200A68BD0 /* MoSTest */ = {
			isa = PBXNativeTarget;
			buildConfigurationList = C838B0CF25EA800300A68BD0 /* Build configuration list for PBXNativeTarget "MoSTest" */;
			buildPhases = (
				C838B0BC25EA800200A68BD0 /* Sources */,
				C838B0BD25EA800200A68BD0 /* Frameworks */,
				C838B0BE25EA800200A68BD0 /* Resources */,
			);
			buildRules = (
			);
			dependencies = (
			);
			name = MoSTest;
			productName = MoSTest;
			productReference = C838B0C025EA800200A68BD0 /* MoSTest.app */;
			productType = "com.apple.product-type.application";
		};
		C838FF5C25F0E6D400CD9818 /* MoSTestTests */ = {
			isa = PBXNativeTarget;
			buildConfigurationList = C838FF6625F0E6D400CD9818 /* Build configuration list for PBXNativeTarget "MoSTestTests" */;
			buildPhases = (
				C838FF5925F0E6D400CD9818 /* Sources */,
				C838FF5A25F0E6D400CD9818 /* Frameworks */,
				C838FF5B25F0E6D400CD9818 /* Resources */,
			);
			buildRules = (
			);
			dependencies = (
				C838FF6325F0E6D400CD9818 /* PBXTargetDependency */,
			);
			name = MoSTestTests;
			productName = MoSTestTests;
			productReference = C838FF5D25F0E6D400CD9818 /* MoSTestTests.xctest */;
			productType = "com.apple.product-type.bundle.unit-test";
		};
/* End PBXNativeTarget section */

/* Begin PBXProject section */
		C838B0B825EA800200A68BD0 /* Project object */ = {
			isa = PBXProject;
			attributes = {
				LastSwiftUpdateCheck = 1240;
				LastUpgradeCheck = 1240;
				TargetAttributes = {
					C838B0BF25EA800200A68BD0 = {
						CreatedOnToolsVersion = 12.4;
					};
					C838FF5C25F0E6D400CD9818 = {
						CreatedOnToolsVersion = 12.4;
						TestTargetID = C838B0BF25EA800200A68BD0;
					};
				};
			};
			buildConfigurationList = C838B0BB25EA800200A68BD0 /* Build configuration list for PBXProject "MoSTest" */;
			compatibilityVersion = "Xcode 9.3";
			developmentRegion = en;
			hasScannedForEncodings = 0;
			knownRegions = (
				en,
				Base,
			);
			mainGroup = C838B0B725EA800200A68BD0;
			productRefGroup = C838B0C125EA800200A68BD0 /* Products */;
			projectDirPath = "";
			projectRoot = "";
			targets = (
				C838B0BF25EA800200A68BD0 /* MoSTest */,
				C838FF5C25F0E6D400CD9818 /* MoSTestTests */,
			);
		};
/* End PBXProject section */

/* Begin PBXResourcesBuildPhase section */
		C838B0BE25EA800200A68BD0 /* Resources */ = {
			isa = PBXResourcesBuildPhase;
			buildActionMask = 2147483647;
			files = (
				C838B0CB25EA800300A68BD0 /* Preview Assets.xcassets in Resources */,
				C838B0C825EA800300A68BD0 /* Assets.xcassets in Resources */,
			);
			runOnlyForDeploymentPostprocessing = 0;
		};
		C838FF5B25F0E6D400CD9818 /* Resources */ = {
			isa = PBXResourcesBuildPhase;
			buildActionMask = 2147483647;
			files = (
			);
			runOnlyForDeploymentPostprocessing = 0;
		};
/* End PBXResourcesBuildPhase section */

/* Begin PBXSourcesBuildPhase section */
		C838B0BC25EA800200A68BD0 /* Sources */ = {
			isa = PBXSourcesBuildPhase;
			buildActionMask = 2147483647;
			files = (
				C838B0DE25EA8B8100A68BD0 /* MovieListManager.swift in Sources */,
				C838B0F725EAF8D300A68BD0 /* DetailView.swift in Sources */,
				C899D76B25F071C300EDCC55 /* ShowViewExtension.swift in Sources */,
				C88F445F25EFF671008FB627 /* MovieListView.swift in Sources */,
				C838B0C625EA800200A68BD0 /* HomeView.swift in Sources */,
				C838B0F125EAC81000A68BD0 /* URLImageView.swift in Sources */,
				C838B0C425EA800200A68BD0 /* MoSTestApp.swift in Sources */,
				C899D76F25F079D600EDCC55 /* DetailViewBody.swift in Sources */,
				C838B0DA25EA85D900A68BD0 /* IMDBResponse.swift in Sources */,
				C88F446325F0016F008FB627 /* EmptyMovieListView.swift in Sources */,
				C838B0E525EAAE3100A68BD0 /* MovieListRowView.swift in Sources */,
				C81F1CBF25F3BE0D00616370 /* ErrorView.swift in Sources */,
				C838B0F425EAC8D400A68BD0 /* URLImageManager.swift in Sources */,
			);
			runOnlyForDeploymentPostprocessing = 0;
		};
		C838FF5925F0E6D400CD9818 /* Sources */ = {
			isa = PBXSourcesBuildPhase;
			buildActionMask = 2147483647;
			files = (
				C838FF6025F0E6D400CD9818 /* MoSTestTests.swift in Sources */,
			);
			runOnlyForDeploymentPostprocessing = 0;
		};
/* End PBXSourcesBuildPhase section */

/* Begin PBXTargetDependency section */
		C838FF6325F0E6D400CD9818 /* PBXTargetDependency */ = {
			isa = PBXTargetDependency;
			target = C838B0BF25EA800200A68BD0 /* MoSTest */;
			targetProxy = C838FF6225F0E6D400CD9818 /* PBXContainerItemProxy */;
		};
/* End PBXTargetDependency section */

/* Begin XCBuildConfiguration section */
		C838B0CD25EA800300A68BD0 /* Debug */ = {
			isa = XCBuildConfiguration;
			buildSettings = {
				ALWAYS_SEARCH_USER_PATHS = NO;
				CLANG_ANALYZER_NONNULL = YES;
				CLANG_ANALYZER_NUMBER_OBJECT_CONVERSION = YES_AGGRESSIVE;
				CLANG_CXX_LANGUAGE_STANDARD = "gnu++14";
				CLANG_CXX_LIBRARY = "libc++";
				CLANG_ENABLE_MODULES = YES;
				CLANG_ENABLE_OBJC_ARC = YES;
				CLANG_ENABLE_OBJC_WEAK = YES;
				CLANG_WARN_BLOCK_CAPTURE_AUTORELEASING = YES;
				CLANG_WARN_BOOL_CONVERSION = YES;
				CLANG_WARN_COMMA = YES;
				CLANG_WARN_CONSTANT_CONVERSION = YES;
				CLANG_WARN_DEPRECATED_OBJC_IMPLEMENTATIONS = YES;
				CLANG_WARN_DIRECT_OBJC_ISA_USAGE = YES_ERROR;
				CLANG_WARN_DOCUMENTATION_COMMENTS = YES;
				CLANG_WARN_EMPTY_BODY = YES;
				CLANG_WARN_ENUM_CONVERSION = YES;
				CLANG_WARN_INFINITE_RECURSION = YES;
				CLANG_WARN_INT_CONVERSION = YES;
				CLANG_WARN_NON_LITERAL_NULL_CONVERSION = YES;
				CLANG_WARN_OBJC_IMPLICIT_RETAIN_SELF = YES;
				CLANG_WARN_OBJC_LITERAL_CONVERSION = YES;
				CLANG_WARN_OBJC_ROOT_CLASS = YES_ERROR;
				CLANG_WARN_QUOTED_INCLUDE_IN_FRAMEWORK_HEADER = YES;
				CLANG_WARN_RANGE_LOOP_ANALYSIS = YES;
				CLANG_WARN_STRICT_PROTOTYPES = YES;
				CLANG_WARN_SUSPICIOUS_MOVE = YES;
				CLANG_WARN_UNGUARDED_AVAILABILITY = YES_AGGRESSIVE;
				CLANG_WARN_UNREACHABLE_CODE = YES;
				CLANG_WARN__DUPLICATE_METHOD_MATCH = YES;
				COPY_PHASE_STRIP = NO;
				DEBUG_INFORMATION_FORMAT = dwarf;
				ENABLE_STRICT_OBJC_MSGSEND = YES;
				ENABLE_TESTABILITY = YES;
				GCC_C_LANGUAGE_STANDARD = gnu11;
				GCC_DYNAMIC_NO_PIC = NO;
				GCC_NO_COMMON_BLOCKS = YES;
				GCC_OPTIMIZATION_LEVEL = 0;
				GCC_PREPROCESSOR_DEFINITIONS = (
					"DEBUG=1",
					"$(inherited)",
				);
				GCC_WARN_64_TO_32_BIT_CONVERSION = YES;
				GCC_WARN_ABOUT_RETURN_TYPE = YES_ERROR;
				GCC_WARN_UNDECLARED_SELECTOR = YES;
				GCC_WARN_UNINITIALIZED_AUTOS = YES_AGGRESSIVE;
				GCC_WARN_UNUSED_FUNCTION = YES;
				GCC_WARN_UNUSED_VARIABLE = YES;
				IPHONEOS_DEPLOYMENT_TARGET = 14.4;
				MTL_ENABLE_DEBUG_INFO = INCLUDE_SOURCE;
				MTL_FAST_MATH = YES;
				ONLY_ACTIVE_ARCH = YES;
				SDKROOT = iphoneos;
				SWIFT_ACTIVE_COMPILATION_CONDITIONS = DEBUG;
				SWIFT_OPTIMIZATION_LEVEL = "-Onone";
			};
			name = Debug;
		};
		C838B0CE25EA800300A68BD0 /* Release */ = {
			isa = XCBuildConfiguration;
			buildSettings = {
				ALWAYS_SEARCH_USER_PATHS = NO;
				CLANG_ANALYZER_NONNULL = YES;
				CLANG_ANALYZER_NUMBER_OBJECT_CONVERSION = YES_AGGRESSIVE;
				CLANG_CXX_LANGUAGE_STANDARD = "gnu++14";
				CLANG_CXX_LIBRARY = "libc++";
				CLANG_ENABLE_MODULES = YES;
				CLANG_ENABLE_OBJC_ARC = YES;
				CLANG_ENABLE_OBJC_WEAK = YES;
				CLANG_WARN_BLOCK_CAPTURE_AUTORELEASING = YES;
				CLANG_WARN_BOOL_CONVERSION = YES;
				CLANG_WARN_COMMA = YES;
				CLANG_WARN_CONSTANT_CONVERSION = YES;
				CLANG_WARN_DEPRECATED_OBJC_IMPLEMENTATIONS = YES;
				CLANG_WARN_DIRECT_OBJC_ISA_USAGE = YES_ERROR;
				CLANG_WARN_DOCUMENTATION_COMMENTS = YES;
				CLANG_WARN_EMPTY_BODY = YES;
				CLANG_WARN_ENUM_CONVERSION = YES;
				CLANG_WARN_INFINITE_RECURSION = YES;
				CLANG_WARN_INT_CONVERSION = YES;
				CLANG_WARN_NON_LITERAL_NULL_CONVERSION = YES;
				CLANG_WARN_OBJC_IMPLICIT_RETAIN_SELF = YES;
				CLANG_WARN_OBJC_LITERAL_CONVERSION = YES;
				CLANG_WARN_OBJC_ROOT_CLASS = YES_ERROR;
				CLANG_WARN_QUOTED_INCLUDE_IN_FRAMEWORK_HEADER = YES;
				CLANG_WARN_RANGE_LOOP_ANALYSIS = YES;
				CLANG_WARN_STRICT_PROTOTYPES = YES;
				CLANG_WARN_SUSPICIOUS_MOVE = YES;
				CLANG_WARN_UNGUARDED_AVAILABILITY = YES_AGGRESSIVE;
				CLANG_WARN_UNREACHABLE_CODE = YES;
				CLANG_WARN__DUPLICATE_METHOD_MATCH = YES;
				COPY_PHASE_STRIP = NO;
				DEBUG_INFORMATION_FORMAT = "dwarf-with-dsym";
				ENABLE_NS_ASSERTIONS = NO;
				ENABLE_STRICT_OBJC_MSGSEND = YES;
				GCC_C_LANGUAGE_STANDARD = gnu11;
				GCC_NO_COMMON_BLOCKS = YES;
				GCC_WARN_64_TO_32_BIT_CONVERSION = YES;
				GCC_WARN_ABOUT_RETURN_TYPE = YES_ERROR;
				GCC_WARN_UNDECLARED_SELECTOR = YES;
				GCC_WARN_UNINITIALIZED_AUTOS = YES_AGGRESSIVE;
				GCC_WARN_UNUSED_FUNCTION = YES;
				GCC_WARN_UNUSED_VARIABLE = YES;
				IPHONEOS_DEPLOYMENT_TARGET = 14.4;
				MTL_ENABLE_DEBUG_INFO = NO;
				MTL_FAST_MATH = YES;
				SDKROOT = iphoneos;
				SWIFT_COMPILATION_MODE = wholemodule;
				SWIFT_OPTIMIZATION_LEVEL = "-O";
				VALIDATE_PRODUCT = YES;
			};
			name = Release;
		};
		C838B0D025EA800300A68BD0 /* Debug */ = {
			isa = XCBuildConfiguration;
			buildSettings = {
				ASSETCATALOG_COMPILER_APPICON_NAME = AppIcon;
				ASSETCATALOG_COMPILER_GLOBAL_ACCENT_COLOR_NAME = AccentColor;
				CODE_SIGN_STYLE = Automatic;
				DEVELOPMENT_ASSET_PATHS = "\"MoSTest/Preview Content\"";
				DEVELOPMENT_TEAM = P92M2Q4MMM;
				ENABLE_PREVIEWS = YES;
				INFOPLIST_FILE = MoSTest/Info.plist;
				IPHONEOS_DEPLOYMENT_TARGET = 14.0;
				LD_RUNPATH_SEARCH_PATHS = (
					"$(inherited)",
					"@executable_path/Frameworks",
				);
				PRODUCT_BUNDLE_IDENTIFIER = com.DanielRybak.MoSTest;
				PRODUCT_NAME = "$(TARGET_NAME)";
				SWIFT_VERSION = 5.0;
				TARGETED_DEVICE_FAMILY = 1;
			};
			name = Debug;
		};
		C838B0D125EA800300A68BD0 /* Release */ = {
			isa = XCBuildConfiguration;
			buildSettings = {
				ASSETCATALOG_COMPILER_APPICON_NAME = AppIcon;
				ASSETCATALOG_COMPILER_GLOBAL_ACCENT_COLOR_NAME = AccentColor;
				CODE_SIGN_STYLE = Automatic;
				DEVELOPMENT_ASSET_PATHS = "\"MoSTest/Preview Content\"";
				DEVELOPMENT_TEAM = P92M2Q4MMM;
				ENABLE_PREVIEWS = YES;
				INFOPLIST_FILE = MoSTest/Info.plist;
				IPHONEOS_DEPLOYMENT_TARGET = 14.0;
				LD_RUNPATH_SEARCH_PATHS = (
					"$(inherited)",
					"@executable_path/Frameworks",
				);
				PRODUCT_BUNDLE_IDENTIFIER = com.DanielRybak.MoSTest;
				PRODUCT_NAME = "$(TARGET_NAME)";
				SWIFT_VERSION = 5.0;
				TARGETED_DEVICE_FAMILY = 1;
			};
			name = Release;
		};
		C838FF6425F0E6D400CD9818 /* Debug */ = {
			isa = XCBuildConfiguration;
			buildSettings = {
				BUNDLE_LOADER = "$(TEST_HOST)";
				CODE_SIGN_STYLE = Automatic;
				DEVELOPMENT_TEAM = P92M2Q4MMM;
				INFOPLIST_FILE = MoSTestTests/Info.plist;
				LD_RUNPATH_SEARCH_PATHS = (
					"$(inherited)",
					"@executable_path/Frameworks",
					"@loader_path/Frameworks",
				);
				PRODUCT_BUNDLE_IDENTIFIER = com.DanielRybak.MoSTestTests;
				PRODUCT_NAME = "$(TARGET_NAME)";
				SWIFT_VERSION = 5.0;
				TARGETED_DEVICE_FAMILY = "1,2";
				TEST_HOST = "$(BUILT_PRODUCTS_DIR)/MoSTest.app/MoSTest";
			};
			name = Debug;
		};
		C838FF6525F0E6D400CD9818 /* Release */ = {
			isa = XCBuildConfiguration;
			buildSettings = {
				BUNDLE_LOADER = "$(TEST_HOST)";
				CODE_SIGN_STYLE = Automatic;
				DEVELOPMENT_TEAM = P92M2Q4MMM;
				INFOPLIST_FILE = MoSTestTests/Info.plist;
				LD_RUNPATH_SEARCH_PATHS = (
					"$(inherited)",
					"@executable_path/Frameworks",
					"@loader_path/Frameworks",
				);
				PRODUCT_BUNDLE_IDENTIFIER = com.DanielRybak.MoSTestTests;
				PRODUCT_NAME = "$(TARGET_NAME)";
				SWIFT_VERSION = 5.0;
				TARGETED_DEVICE_FAMILY = "1,2";
				TEST_HOST = "$(BUILT_PRODUCTS_DIR)/MoSTest.app/MoSTest";
			};
			name = Release;
		};
/* End XCBuildConfiguration section */

/* Begin XCConfigurationList section */
		C838B0BB25EA800200A68BD0 /* Build configuration list for PBXProject "MoSTest" */ = {
			isa = XCConfigurationList;
			buildConfigurations = (
				C838B0CD25EA800300A68BD0 /* Debug */,
				C838B0CE25EA800300A68BD0 /* Release */,
			);
			defaultConfigurationIsVisible = 0;
			defaultConfigurationName = Release;
		};
		C838B0CF25EA800300A68BD0 /* Build configuration list for PBXNativeTarget "MoSTest" */ = {
			isa = XCConfigurationList;
			buildConfigurations = (
				C838B0D025EA800300A68BD0 /* Debug */,
				C838B0D125EA800300A68BD0 /* Release */,
			);
			defaultConfigurationIsVisible = 0;
			defaultConfigurationName = Release;
		};
		C838FF6625F0E6D400CD9818 /* Build configuration list for PBXNativeTarget "MoSTestTests" */ = {
			isa = XCConfigurationList;
			buildConfigurations = (
				C838FF6425F0E6D400CD9818 /* Debug */,
				C838FF6525F0E6D400CD9818 /* Release */,
			);
			defaultConfigurationIsVisible = 0;
			defaultConfigurationName = Release;
		};
/* End XCConfigurationList section */
	};
	rootObject = C838B0B825EA800200A68BD0 /* Project object */;
}
